
Microsoft Visual Studio Solution File, Format Version 12.00
# Visual Studio Version 17
VisualStudioVersion = 17.0.31612.314
MinimumVisualStudioVersion = 10.0.40219.1
Project("{9A19103F-16F7-4668-BE54-9A1E7A4F7556}") = "TestLargeTableDataApi", "TestLargeTableDataApi\TestLargeTableDataApi.csproj", "{76FA097C-EE39-4E97-9AB7-F643DB60FE0D}"
EndProject
Project("{FAE04EC0-301F-11D3-BF4B-00C04F79EFBC}") = "TestLargeTableDataLib", "TestLargeTableDataLib\TestLargeTableDataLib.csproj", "{EB705D3F-56AC-4A7A-B228-40881D3B17E8}"
EndProject
Global
	GlobalSection(SolutionConfigurationPlatforms) = preSolution
		Debug|Any CPU = Debug|Any CPU
		Release|Any CPU = Release|Any CPU
	EndGlobalSection
	GlobalSection(ProjectConfigurationPlatforms) = postSolution
		{76FA097C-EE39-4E97-9AB7-F643DB60FE0D}.Debug|Any CPU.ActiveCfg = Debug|Any CPU
		{76FA097C-EE39-4E97-9AB7-F643DB60FE0D}.Debug|Any CPU.Build.0 = Debug|Any CPU
		{76FA097C-EE39-4E97-9AB7-F643DB60FE0D}.Release|Any CPU.ActiveCfg = Release|Any CPU
		{76FA097C-EE39-4E97-9AB7-F643DB60FE0D}.Release|Any CPU.Build.0 = Release|Any CPU
		{EB705D3F-56AC-4A7A-B228-40881D3B17E8}.Debug|Any CPU.ActiveCfg = Debug|Any CPU
		{EB705D3F-56AC-4A7A-B228-40881D3B17E8}.Debug|Any CPU.Build.0 = Debug|Any CPU
		{EB705D3F-56AC-4A7A-B228-40881D3B17E8}.Release|Any CPU.ActiveCfg = Release|Any CPU
		{EB705D3F-56AC-4A7A-B228-40881D3B17E8}.Release|Any CPU.Build.0 = Release|Any CPU
	EndGlobalSection
	GlobalSection(SolutionProperties) = preSolution
		HideSolutionNode = FALSE
	EndGlobalSection
	GlobalSection(ExtensibilityGlobals) = postSolution
		SolutionGuid = {B13E31F0-1E67-4D37-9330-C6069EE7C9F4}
	EndGlobalSection
EndGlobal
